
Microsoft Visual Studio Solution File, Format Version 12.00
# Visual Studio 15
VisualStudioVersion = 15.0.28307.1000
MinimumVisualStudioVersion = 10.0.40219.1
Project("{FAE04EC0-301F-11D3-BF4B-00C04F79EFBC}") = "BloomEffectRenderer", "BloomEffectRenderer\BloomEffectRenderer.csproj", "{FEAB11E2-F0C6-4EDC-8B07-1CF9018728AB}"
EndProject
Project("{FAE04EC0-301F-11D3-BF4B-00C04F79EFBC}") = "TestGame", "TestGame\TestGame.csproj", "{40FD9432-A521-4D42-8321-F1B25F05414C}"
EndProject
Global
	GlobalSection(SolutionConfigurationPlatforms) = preSolution
		Debug|Any CPU = Debug|Any CPU
		Release|Any CPU = Release|Any CPU
	EndGlobalSection
	GlobalSection(ProjectConfigurationPlatforms) = postSolution
		{FEAB11E2-F0C6-4EDC-8B07-1CF9018728AB}.Debug|Any CPU.ActiveCfg = Debug|Any CPU
		{FEAB11E2-F0C6-4EDC-8B07-1CF9018728AB}.Debug|Any CPU.Build.0 = Debug|Any CPU
		{FEAB11E2-F0C6-4EDC-8B07-1CF9018728AB}.Release|Any CPU.ActiveCfg = Release|Any CPU
		{FEAB11E2-F0C6-4EDC-8B07-1CF9018728AB}.Release|Any CPU.Build.0 = Release|Any CPU
		{40FD9432-A521-4D42-8321-F1B25F05414C}.Debug|Any CPU.ActiveCfg = Debug|Any CPU
		{40FD9432-A521-4D42-8321-F1B25F05414C}.Debug|Any CPU.Build.0 = Debug|Any CPU
		{40FD9432-A521-4D42-8321-F1B25F05414C}.Release|Any CPU.ActiveCfg = Release|Any CPU
		{40FD9432-A521-4D42-8321-F1B25F05414C}.Release|Any CPU.Build.0 = Release|Any CPU
	EndGlobalSection
	GlobalSection(SolutionProperties) = preSolution
		HideSolutionNode = FALSE
	EndGlobalSection
	GlobalSection(ExtensibilityGlobals) = postSolution
		SolutionGuid = {3740BBB4-74EF-48BC-AF1A-29D8C3E7621F}
	EndGlobalSection
EndGlobal
